
Microsoft Visual Studio Solution File, Format Version 12.00
# Visual Studio Version 16
VisualStudioVersion = 16.0.31205.134
MinimumVisualStudioVersion = 10.0.40219.1
Project("{FAE04EC0-301F-11D3-BF4B-00C04F79EFBC}") = "Praxis01 Exercise03", "Praxis01 Exercise03\Praxis01 Exercise03.csproj", "{C6799426-5D6A-406A-AF8E-7B78254774B1}"
EndProject
Project("{FAE04EC0-301F-11D3-BF4B-00C04F79EFBC}") = "Praxis01 Exercise01", "Praxis01 Exercise01\Praxis01 Exercise01.csproj", "{93300FF6-AC31-4B26-A3CA-37BE838AB0A4}"
EndProject
Project("{FAE04EC0-301F-11D3-BF4B-00C04F79EFBC}") = "Praxis01 Exercise02", "Praxis01 Exercise02\Praxis01 Exercise02.csproj", "{FCFE5ED6-16C7-4697-B0C8-46AAA0F39DD9}"
EndProject
Project("{FAE04EC0-301F-11D3-BF4B-00C04F79EFBC}") = "Praxis02 Exercise01", "Praxis02 Exercise01\Praxis02 Exercise01.csproj", "{78B1012B-A152-4EE5-B6C9-8EF1D210C034}"
EndProject
Project("{FAE04EC0-301F-11D3-BF4B-00C04F79EFBC}") = "Praxis02 Exercise02", "Praxis02 Exercise02\Praxis02 Exercise02.csproj", "{B7723D3D-AAA9-4961-897B-926A078CFA03}"
EndProject
Project("{FAE04EC0-301F-11D3-BF4B-00C04F79EFBC}") = "Praxis03 Exercise01", "Praxis03 Exercise01\Praxis03 Exercise01.csproj", "{EF94D568-32C6-497D-8125-3EB0E471B12A}"
EndProject
Project("{FAE04EC0-301F-11D3-BF4B-00C04F79EFBC}") = "Praxis03 Exercise02", "Praxis03 Exercise02\Praxis03 Exercise02.csproj", "{6B8C78AB-5D89-4BEE-9231-6EA32EAB40BC}"
EndProject
Project("{FAE04EC0-301F-11D3-BF4B-00C04F79EFBC}") = "Praxis03 Exercise03", "Praxis03 Exercise03\Praxis03 Exercise03.csproj", "{B1E85C6C-623B-461B-B11A-BFDCB8B6A863}"
EndProject
Project("{FAE04EC0-301F-11D3-BF4B-00C04F79EFBC}") = "Praxis04 Exercise01", "Praxis04 Exercise01\Praxis04 Exercise01.csproj", "{0FB4BD0C-32CE-48FF-8D9E-EB45081D19EA}"
EndProject
Project("{FAE04EC0-301F-11D3-BF4B-00C04F79EFBC}") = "Praxis04 Exercise02", "Praxis04 Exercise02\Praxis04 Exercise02.csproj", "{FA75F5B4-E097-490E-8E43-FFC52B5540A3}"
EndProject
Project("{FAE04EC0-301F-11D3-BF4B-00C04F79EFBC}") = "Praxis05 Exercise01", "Praxis05 Exercise01\Praxis05 Exercise01.csproj", "{E37D28D8-D7D5-4752-9037-CC73480E9DD2}"
EndProject
Project("{FAE04EC0-301F-11D3-BF4B-00C04F79EFBC}") = "Praxis05 Exercise02", "Praxis05 Exercise02\Praxis05 Exercise02.csproj", "{F02AE086-31DD-4ED3-BEBA-A1D152977FFE}"
EndProject
Project("{FAE04EC0-301F-11D3-BF4B-00C04F79EFBC}") = "Praxis06 Exercise01", "Praxis06 Exercise01\Praxis06 Exercise01.csproj", "{51D4BB7E-C21D-456A-AEBD-8C26DD62418F}"
EndProject
Project("{FAE04EC0-301F-11D3-BF4B-00C04F79EFBC}") = "Praxis06 Exercise02", "Praxis06 Exercise02\Praxis06 Exercise02.csproj", "{0AF7F870-2DE4-466C-9EC1-20B57B8BAF33}"
EndProject
Project("{FAE04EC0-301F-11D3-BF4B-00C04F79EFBC}") = "Praxis07 Exercise01", "Praxis07 Exercise01\Praxis07 Exercise01.csproj", "{A3712ED9-A387-4774-BF4F-6A10D4BE901B}"
EndProject
Project("{FAE04EC0-301F-11D3-BF4B-00C04F79EFBC}") = "Praxis08 Exercise01", "Praxis08 Exercise01\Praxis08 Exercise01.csproj", "{AB3A1729-8E2F-4948-9DD4-FEDD57EF0696}"
EndProject
Project("{FAE04EC0-301F-11D3-BF4B-00C04F79EFBC}") = "Praxis09 Exercise01", "Praxis09 Exercise01\Praxis09 Exercise01.csproj", "{95ADCBD7-9965-498B-A251-0ABD8D244887}"
EndProject
Project("{FAE04EC0-301F-11D3-BF4B-00C04F79EFBC}") = "Praxis10 Exercise01", "Praxis10 Exercise01\Praxis10 Exercise01.csproj", "{142ECEC0-AC95-426B-B5AF-3AE977B2EEA9}"
EndProject
Project("{FAE04EC0-301F-11D3-BF4B-00C04F79EFBC}") = "Praxis10 Exercise02", "Praxis10 Exercise02\Praxis10 Exercise02.csproj", "{5B4FDA7C-7ACA-45CF-9B5A-A87D14DDEE99}"
EndProject
Global
	GlobalSection(SolutionConfigurationPlatforms) = preSolution
		Debug|Any CPU = Debug|Any CPU
		Release|Any CPU = Release|Any CPU
	EndGlobalSection
	GlobalSection(ProjectConfigurationPlatforms) = postSolution
		{C6799426-5D6A-406A-AF8E-7B78254774B1}.Debug|Any CPU.ActiveCfg = Debug|Any CPU
		{C6799426-5D6A-406A-AF8E-7B78254774B1}.Debug|Any CPU.Build.0 = Debug|Any CPU
		{C6799426-5D6A-406A-AF8E-7B78254774B1}.Release|Any CPU.ActiveCfg = Release|Any CPU
		{C6799426-5D6A-406A-AF8E-7B78254774B1}.Release|Any CPU.Build.0 = Release|Any CPU
		{93300FF6-AC31-4B26-A3CA-37BE838AB0A4}.Debug|Any CPU.ActiveCfg = Debug|Any CPU
		{93300FF6-AC31-4B26-A3CA-37BE838AB0A4}.Debug|Any CPU.Build.0 = Debug|Any CPU
		{93300FF6-AC31-4B26-A3CA-37BE838AB0A4}.Release|Any CPU.ActiveCfg = Release|Any CPU
		{93300FF6-AC31-4B26-A3CA-37BE838AB0A4}.Release|Any CPU.Build.0 = Release|Any CPU
		{FCFE5ED6-16C7-4697-B0C8-46AAA0F39DD9}.Debug|Any CPU.ActiveCfg = Debug|Any CPU
		{FCFE5ED6-16C7-4697-B0C8-46AAA0F39DD9}.Debug|Any CPU.Build.0 = Debug|Any CPU
		{FCFE5ED6-16C7-4697-B0C8-46AAA0F39DD9}.Release|Any CPU.ActiveCfg = Release|Any CPU
		{FCFE5ED6-16C7-4697-B0C8-46AAA0F39DD9}.Release|Any CPU.Build.0 = Release|Any CPU
		{78B1012B-A152-4EE5-B6C9-8EF1D210C034}.Debug|Any CPU.ActiveCfg = Debug|Any CPU
		{78B1012B-A152-4EE5-B6C9-8EF1D210C034}.Debug|Any CPU.Build.0 = Debug|Any CPU
		{78B1012B-A152-4EE5-B6C9-8EF1D210C034}.Release|Any CPU.ActiveCfg = Release|Any CPU
		{78B1012B-A152-4EE5-B6C9-8EF1D210C034}.Release|Any CPU.Build.0 = Release|Any CPU
		{B7723D3D-AAA9-4961-897B-926A078CFA03}.Debug|Any CPU.ActiveCfg = Debug|Any CPU
		{B7723D3D-AAA9-4961-897B-926A078CFA03}.Debug|Any CPU.Build.0 = Debug|Any CPU
		{B7723D3D-AAA9-4961-897B-926A078CFA03}.Release|Any CPU.ActiveCfg = Release|Any CPU
		{B7723D3D-AAA9-4961-897B-926A078CFA03}.Release|Any CPU.Build.0 = Release|Any CPU
		{EF94D568-32C6-497D-8125-3EB0E471B12A}.Debug|Any CPU.ActiveCfg = Debug|Any CPU
		{EF94D568-32C6-497D-8125-3EB0E471B12A}.Debug|Any CPU.Build.0 = Debug|Any CPU
		{EF94D568-32C6-497D-8125-3EB0E471B12A}.Release|Any CPU.ActiveCfg = Release|Any CPU
		{EF94D568-32C6-497D-8125-3EB0E471B12A}.Release|Any CPU.Build.0 = Release|Any CPU
		{6B8C78AB-5D89-4BEE-9231-6EA32EAB40BC}.Debug|Any CPU.ActiveCfg = Debug|Any CPU
		{6B8C78AB-5D89-4BEE-9231-6EA32EAB40BC}.Debug|Any CPU.Build.0 = Debug|Any CPU
		{6B8C78AB-5D89-4BEE-9231-6EA32EAB40BC}.Release|Any CPU.ActiveCfg = Release|Any CPU
		{6B8C78AB-5D89-4BEE-9231-6EA32EAB40BC}.Release|Any CPU.Build.0 = Release|Any CPU
		{B1E85C6C-623B-461B-B11A-BFDCB8B6A863}.Debug|Any CPU.ActiveCfg = Debug|Any CPU
		{B1E85C6C-623B-461B-B11A-BFDCB8B6A863}.Debug|Any CPU.Build.0 = Debug|Any CPU
		{B1E85C6C-623B-461B-B11A-BFDCB8B6A863}.Release|Any CPU.ActiveCfg = Release|Any CPU
		{B1E85C6C-623B-461B-B11A-BFDCB8B6A863}.Release|Any CPU.Build.0 = Release|Any CPU
		{0FB4BD0C-32CE-48FF-8D9E-EB45081D19EA}.Debug|Any CPU.ActiveCfg = Debug|Any CPU
		{0FB4BD0C-32CE-48FF-8D9E-EB45081D19EA}.Debug|Any CPU.Build.0 = Debug|Any CPU
		{0FB4BD0C-32CE-48FF-8D9E-EB45081D19EA}.Release|Any CPU.ActiveCfg = Release|Any CPU
		{0FB4BD0C-32CE-48FF-8D9E-EB45081D19EA}.Release|Any CPU.Build.0 = Release|Any CPU
		{FA75F5B4-E097-490E-8E43-FFC52B5540A3}.Debug|Any CPU.ActiveCfg = Debug|Any CPU
		{FA75F5B4-E097-490E-8E43-FFC52B5540A3}.Debug|Any CPU.Build.0 = Debug|Any CPU
		{FA75F5B4-E097-490E-8E43-FFC52B5540A3}.Release|Any CPU.ActiveCfg = Release|Any CPU
		{FA75F5B4-E097-490E-8E43-FFC52B5540A3}.Release|Any CPU.Build.0 = Release|Any CPU
		{E37D28D8-D7D5-4752-9037-CC73480E9DD2}.Debug|Any CPU.ActiveCfg = Debug|Any CPU
		{E37D28D8-D7D5-4752-9037-CC73480E9DD2}.Debug|Any CPU.Build.0 = Debug|Any CPU
		{E37D28D8-D7D5-4752-9037-CC73480E9DD2}.Release|Any CPU.ActiveCfg = Release|Any CPU
		{E37D28D8-D7D5-4752-9037-CC73480E9DD2}.Release|Any CPU.Build.0 = Release|Any CPU
		{F02AE086-31DD-4ED3-BEBA-A1D152977FFE}.Debug|Any CPU.ActiveCfg = Debug|Any CPU
		{F02AE086-31DD-4ED3-BEBA-A1D152977FFE}.Debug|Any CPU.Build.0 = Debug|Any CPU
		{F02AE086-31DD-4ED3-BEBA-A1D152977FFE}.Release|Any CPU.ActiveCfg = Release|Any CPU
		{F02AE086-31DD-4ED3-BEBA-A1D152977FFE}.Release|Any CPU.Build.0 = Release|Any CPU
		{51D4BB7E-C21D-456A-AEBD-8C26DD62418F}.Debug|Any CPU.ActiveCfg = Debug|Any CPU
		{51D4BB7E-C21D-456A-AEBD-8C26DD62418F}.Debug|Any CPU.Build.0 = Debug|Any CPU
		{51D4BB7E-C21D-456A-AEBD-8C26DD62418F}.Release|Any CPU.ActiveCfg = Release|Any CPU
		{51D4BB7E-C21D-456A-AEBD-8C26DD62418F}.Release|Any CPU.Build.0 = Release|Any CPU
		{0AF7F870-2DE4-466C-9EC1-20B57B8BAF33}.Debug|Any CPU.ActiveCfg = Debug|Any CPU
		{0AF7F870-2DE4-466C-9EC1-20B57B8BAF33}.Debug|Any CPU.Build.0 = Debug|Any CPU
		{0AF7F870-2DE4-466C-9EC1-20B57B8BAF33}.Release|Any CPU.ActiveCfg = Release|Any CPU
		{0AF7F870-2DE4-466C-9EC1-20B57B8BAF33}.Release|Any CPU.Build.0 = Release|Any CPU
		{A3712ED9-A387-4774-BF4F-6A10D4BE901B}.Debug|Any CPU.ActiveCfg = Debug|Any CPU
		{A3712ED9-A387-4774-BF4F-6A10D4BE901B}.Debug|Any CPU.Build.0 = Debug|Any CPU
		{A3712ED9-A387-4774-BF4F-6A10D4BE901B}.Release|Any CPU.ActiveCfg = Release|Any CPU
		{A3712ED9-A387-4774-BF4F-6A10D4BE901B}.Release|Any CPU.Build.0 = Release|Any CPU
		{AB3A1729-8E2F-4948-9DD4-FEDD57EF0696}.Debug|Any CPU.ActiveCfg = Debug|Any CPU
		{AB3A1729-8E2F-4948-9DD4-FEDD57EF0696}.Debug|Any CPU.Build.0 = Debug|Any CPU
		{AB3A1729-8E2F-4948-9DD4-FEDD57EF0696}.Release|Any CPU.ActiveCfg = Release|Any CPU
		{AB3A1729-8E2F-4948-9DD4-FEDD57EF0696}.Release|Any CPU.Build.0 = Release|Any CPU
		{95ADCBD7-9965-498B-A251-0ABD8D244887}.Debug|Any CPU.ActiveCfg = Debug|Any CPU
		{95ADCBD7-9965-498B-A251-0ABD8D244887}.Debug|Any CPU.Build.0 = Debug|Any CPU
		{95ADCBD7-9965-498B-A251-0ABD8D244887}.Release|Any CPU.ActiveCfg = Release|Any CPU
		{95ADCBD7-9965-498B-A251-0ABD8D244887}.Release|Any CPU.Build.0 = Release|Any CPU
		{142ECEC0-AC95-426B-B5AF-3AE977B2EEA9}.Debug|Any CPU.ActiveCfg = Debug|Any CPU
		{142ECEC0-AC95-426B-B5AF-3AE977B2EEA9}.Debug|Any CPU.Build.0 = Debug|Any CPU
		{142ECEC0-AC95-426B-B5AF-3AE977B2EEA9}.Release|Any CPU.ActiveCfg = Release|Any CPU
		{142ECEC0-AC95-426B-B5AF-3AE977B2EEA9}.Release|Any CPU.Build.0 = Release|Any CPU
		{5B4FDA7C-7ACA-45CF-9B5A-A87D14DDEE99}.Debug|Any CPU.ActiveCfg = Debug|Any CPU
		{5B4FDA7C-7ACA-45CF-9B5A-A87D14DDEE99}.Debug|Any CPU.Build.0 = Debug|Any CPU
		{5B4FDA7C-7ACA-45CF-9B5A-A87D14DDEE99}.Release|Any CPU.ActiveCfg = Release|Any CPU
		{5B4FDA7C-7ACA-45CF-9B5A-A87D14DDEE99}.Release|Any CPU.Build.0 = Release|Any CPU
	EndGlobalSection
	GlobalSection(SolutionProperties) = preSolution
		HideSolutionNode = FALSE
	EndGlobalSection
	GlobalSection(ExtensibilityGlobals) = postSolution
		SolutionGuid = {4A567EF8-9D4E-4456-B860-220C8F90FC0E}
	EndGlobalSection
EndGlobal
